---
lockfileVersion: 1
lockfileVendor: redhat
arches:
- arch: aarch64
  packages:
  - url: https://cdn.redhat.com/content/dist/rhel9/9/aarch64/appstream/os/Packages/b/bind-libs-9.16.23-34.el9_7.1.aarch64.rpm
    repoid: rhel-9-for-aarch64-appstream-rpms
    size: 1252147
    checksum: sha256:911e2e51ccb0ba25a2adf07de7bfb0031edd0c127a5b44e39ae89743b9a3f187
    name: bind-libs
    evr: 32:9.16.23-34.el9_7.1
    sourcerpm: bind-9.16.23-34.el9_7.1.src.rpm
  - url: https://cdn.redhat.com/content/dist/rhel9/9/aarch64/appstream/os/Packages/b/bind-license-9.16.23-34.el9_7.1.noarch.rpm
    repoid: rhel-9-for-aarch64-appstream-rpms
    size: 12809
    checksum: sha256:546e909d1318b611512c07418ffc94b128cb46320b515ca5bc1010e38f376a27
    name: bind-license
    evr: 32:9.16.23-34.el9_7.1
    sourcerpm: bind-9.16.23-34.el9_7.1.src.rpm
  - url: https://cdn.redhat.com/content/dist/rhel9/9/aarch64/appstream/os/Packages/b/bind-utils-9.16.23-34.el9_7.1.aarch64.rpm
    repoid: rhel-9-for-aarch64-appstream-rpms
    size: 211613
    checksum: sha256:c18967e7d1b18abfca1f2bbbc7e14bffd29194966896be0cd3285284471d4cda
    name: bind-utils
    evr: 32:9.16.23-34.el9_7.1
    sourcerpm: bind-9.16.23-34.el9_7.1.src.rpm
  - url: https://cdn.redhat.com/content/dist/rhel9/9/aarch64/appstream/os/Packages/f/fstrm-0.6.1-3.el9.aarch64.rpm
    repoid: rhel-9-for-aarch64-appstream-rpms
    size: 29476
    checksum: sha256:d71126c7f575cec5aec3a2ad639b4cd0a19fdbc30b249dd37249c9a72a4d0786
    name: fstrm
    evr: 0.6.1-3.el9
    sourcerpm: fstrm-0.6.1-3.el9.src.rpm
  - url: https://cdn.redhat.com/content/dist/rhel9/9/aarch64/appstream/os/Packages/i/iperf3-3.9-14.el9.aarch64.rpm
    repoid: rhel-9-for-aarch64-appstream-rpms
    size: 109627
    checksum: sha256:d3e89d97e3aeb8832e0beff9d891b2230a6a44271b6e72004c97b9e5322f65d7
    name: iperf3
    evr: 3.9-14.el9
    sourcerpm: iperf3-3.9-14.el9.src.rpm
  - url: https://cdn.redhat.com/content/dist/rhel9/9/aarch64/appstream/os/Packages/l/libmaxminddb-1.5.2-4.el9.aarch64.rpm
    repoid: rhel-9-for-aarch64-appstream-rpms
    size: 40090
    checksum: sha256:e592c42d8fd02113396c91860d3f44dfbd65ab39e2c36ebafaf47cdb7db7d56a
    name: libmaxminddb
    evr: 1.5.2-4.el9
    sourcerpm: libmaxminddb-1.5.2-4.el9.src.rpm
  - url: https://cdn.redhat.com/content/dist/rhel9/9/aarch64/appstream/os/Packages/l/libuv-1.42.0-2.el9_4.aarch64.rpm
    repoid: rhel-9-for-aarch64-appstream-rpms
    size: 150129
    checksum: sha256:4dc8a40da74e0f9823356460ee11f183c70f382953700fffef0c448198a677cc
    name: libuv
    evr: 1:1.42.0-2.el9_4
    sourcerpm: libuv-1.42.0-2.el9_4.src.rpm
  - url: https://cdn.redhat.com/content/dist/rhel9/9/aarch64/appstream/os/Packages/n/nmap-ncat-7.92-3.el9.aarch64.rpm
    repoid: rhel-9-for-aarch64-appstream-rpms
    size: 228860
    checksum: sha256:bd929a6e3161dfee43b377f888d3712ee70cfb591f50cab845e8551973b010f1
    name: nmap-ncat
    evr: 3:7.92-3.el9
    sourcerpm: nmap-7.92-3.el9.src.rpm
  - url: https://cdn.redhat.com/content/dist/rhel9/9/aarch64/appstream/os/Packages/t/tcpdump-4.99.0-9.el9.aarch64.rpm
    repoid: rhel-9-for-aarch64-appstream-rpms
    size: 548341
    checksum: sha256:9cfbbb0b1ea4902364770d4082f5d121088709e3c89d8efa375da5e0be463077
    name: tcpdump
    evr: 14:4.99.0-9.el9
    sourcerpm: tcpdump-4.99.0-9.el9.src.rpm
  - url: https://cdn.redhat.com/content/dist/rhel9/9/aarch64/baseos/os/Packages/c/curl-7.76.1-34.el9.aarch64.rpm
    repoid: rhel-9-for-aarch64-baseos-rpms
    size: 295790
    checksum: sha256:b8013357c5936b3900dd48f383508e73637ff519c65a83e262d5927be7f7bc84
    name: curl
    evr: 7.76.1-34.el9
    sourcerpm: curl-7.76.1-34.el9.src.rpm
  - url: https://cdn.redhat.com/content/dist/rhel9/9/aarch64/baseos/os/Packages/i/iputils-20210202-15.el9_7.aarch64.rpm
    repoid: rhel-9-for-aarch64-baseos-rpms
    size: 178424
    checksum: sha256:8222a701f1debf48726c8675183a890a8a82626903ac31f2b48a1718505dcc5b
    name: iputils
    evr: 20210202-15.el9_7
    sourcerpm: iputils-20210202-15.el9_7.src.rpm
  - url: https://cdn.redhat.com/content/dist/rhel9/9/aarch64/baseos/os/Packages/l/libibverbs-57.0-2.el9.aarch64.rpm
    repoid: rhel-9-for-aarch64-baseos-rpms
    size: 458077
    checksum: sha256:cff5c03177285b39d0e35584862488c441f15429f6396d9c6da264634c2cb400
    name: libibverbs
    evr: 57.0-2.el9
    sourcerpm: rdma-core-57.0-2.el9.src.rpm
  - url: https://cdn.redhat.com/content/dist/rhel9/9/aarch64/baseos/os/Packages/l/libnl3-3.11.0-1.el9.aarch64.rpm
    repoid: rhel-9-for-aarch64-baseos-rpms
    size: 363241
    checksum: sha256:91c7bf60c756cd2a457652b95e96e725068898f4ce580b70784fc60a099621b5
    name: libnl3
    evr: 3.11.0-1.el9
    sourcerpm: libnl3-3.11.0-1.el9.src.rpm
  - url: https://cdn.redhat.com/content/dist/rhel9/9/aarch64/baseos/os/Packages/l/libpcap-1.10.0-4.el9.aarch64.rpm
    repoid: rhel-9-for-aarch64-baseos-rpms
    size: 176251
    checksum: sha256:cd6462c66489eed11b8d9f1acf70a38a1a2629a969a31d0f511eca148783dcdd
    name: libpcap
    evr: 14:1.10.0-4.el9
    sourcerpm: libpcap-1.10.0-4.el9.src.rpm
  - url: https://cdn.redhat.com/content/dist/rhel9/9/aarch64/baseos/os/Packages/l/lksctp-tools-1.0.19-3.el9_4.aarch64.rpm
    repoid: rhel-9-for-aarch64-baseos-rpms
    size: 104765
    checksum: sha256:cee3d1e0820c08a54280b91e30933393a9010f1ec12b34d4b5bb0ad9ef56ac34
    name: lksctp-tools
    evr: 1.0.19-3.el9_4
    sourcerpm: lksctp-tools-1.0.19-3.el9_4.src.rpm
  - url: https://cdn.redhat.com/content/dist/rhel9/9/aarch64/baseos/os/Packages/l/lmdb-libs-0.9.29-3.el9.aarch64.rpm
    repoid: rhel-9-for-aarch64-baseos-rpms
    size: 65370
    checksum: sha256:81e64f24142a933be412847b892d49fad35d0eaf4b7eda54257af0fdaafaf87c
    name: lmdb-libs
    evr: 0.9.29-3.el9
    sourcerpm: lmdb-0.9.29-3.el9.src.rpm
  - url: https://cdn.redhat.com/content/dist/rhel9/9/aarch64/baseos/os/Packages/p/protobuf-c-1.3.3-13.el9.aarch64.rpm
    repoid: rhel-9-for-aarch64-baseos-rpms
    size: 38582
    checksum: sha256:d68a518f80e00df5e63ba24d4be5058998d857e24b1af316f37001dfc91d3149
    name: protobuf-c
    evr: 1.3.3-13.el9
    sourcerpm: protobuf-c-1.3.3-13.el9.src.rpm
  source: []
  module_metadata: []
- arch: s390x
  packages:
  - url: https://cdn.redhat.com/content/eus/rhel9/9.4/s390x/appstream/os/Packages/b/bind-libs-9.16.23-18.el9_4.10.s390x.rpm
    repoid: rhel-9-for-s390x-appstream-eus-rpms
    size: 1233213
    checksum: sha256:e9ab976b9960063e2450cb802d87255385c47b82030dc8b6deb84f5d199306a7
    name: bind-libs
    evr: 32:9.16.23-18.el9_4.10
    sourcerpm: bind-9.16.23-18.el9_4.10.src.rpm
  - url: https://cdn.redhat.com/content/eus/rhel9/9.4/s390x/appstream/os/Packages/b/bind-license-9.16.23-18.el9_4.10.noarch.rpm
    repoid: rhel-9-for-s390x-appstream-eus-rpms
    size: 11778
    checksum: sha256:7f5161e506b24e0ce1df74a198c5fa8b6a8ff0351c1be55c6755a4ad685242f7
    name: bind-license
    evr: 32:9.16.23-18.el9_4.10
    sourcerpm: bind-9.16.23-18.el9_4.10.src.rpm
  - url: https://cdn.redhat.com/content/eus/rhel9/9.4/s390x/appstream/os/Packages/b/bind-utils-9.16.23-18.el9_4.10.s390x.rpm
    repoid: rhel-9-for-s390x-appstream-eus-rpms
    size: 209602
    checksum: sha256:62429b7b5d30bca82ab56812f4f504d28312f73037b991c68218be47d5140f79
    name: bind-utils
    evr: 32:9.16.23-18.el9_4.10
    sourcerpm: bind-9.16.23-18.el9_4.10.src.rpm
  - url: https://cdn.redhat.com/content/eus/rhel9/9.4/s390x/appstream/os/Packages/f/fstrm-0.6.1-3.el9.s390x.rpm
    repoid: rhel-9-for-s390x-appstream-eus-rpms
    size: 29853
    checksum: sha256:aab9775d0f1ef189c82069a4af4c540c669d61efdc285696fb3bde3c6a9fe9ea
    name: fstrm
    evr: 0.6.1-3.el9
    sourcerpm: fstrm-0.6.1-3.el9.src.rpm
  - url: https://cdn.redhat.com/content/eus/rhel9/9.4/s390x/appstream/os/Packages/i/iperf3-3.9-11.el9_4.1.s390x.rpm
    repoid: rhel-9-for-s390x-appstream-eus-rpms
    size: 108095
    checksum: sha256:1752008fbf0a27ba061816d0593fde82906dff572715809f01e336bbbdb9381e
    name: iperf3
    evr: 3.9-11.el9_4.1
    sourcerpm: iperf3-3.9-11.el9_4.1.src.rpm
  - url: https://cdn.redhat.com/content/eus/rhel9/9.4/s390x/appstream/os/Packages/l/libmaxminddb-1.5.2-3.el9.s390x.rpm
    repoid: rhel-9-for-s390x-appstream-eus-rpms
    size: 36596
    checksum: sha256:e1ccafd790c887c4503ed0958ac6070041b0f86630754b9acbe651accf49dc38
    name: libmaxminddb
    evr: 1.5.2-3.el9
    sourcerpm: libmaxminddb-1.5.2-3.el9.src.rpm
  - url: https://cdn.redhat.com/content/eus/rhel9/9.4/s390x/appstream/os/Packages/l/libuv-1.42.0-2.el9_4.s390x.rpm
    repoid: rhel-9-for-s390x-appstream-eus-rpms
    size: 150561
    checksum: sha256:7badf8ffee70ff4eabd9b96701d8926752c961e395dd79ecd70460056b88024f
    name: libuv
    evr: 1:1.42.0-2.el9_4
    sourcerpm: libuv-1.42.0-2.el9_4.src.rpm
  - url: https://cdn.redhat.com/content/eus/rhel9/9.4/s390x/appstream/os/Packages/n/nmap-ncat-7.92-1.el9.s390x.rpm
    repoid: rhel-9-for-s390x-appstream-eus-rpms
    size: 228274
    checksum: sha256:a6b33e568ea35a14bdd1ba1d37bfeb42686740a046312e6140d63af7753ab739
    name: nmap-ncat
    evr: 3:7.92-1.el9
    sourcerpm: nmap-7.92-1.el9.src.rpm
  - url: https://cdn.redhat.com/content/eus/rhel9/9.4/s390x/appstream/os/Packages/t/tcpdump-4.99.0-9.el9.s390x.rpm
    repoid: rhel-9-for-s390x-appstream-eus-rpms
    size: 527514
    checksum: sha256:40044b25178326f2d4a8b277a2b3123532626a0d39a7d6f6e8a01e502b6a2a74
    name: tcpdump
    evr: 14:4.99.0-9.el9
    sourcerpm: tcpdump-4.99.0-9.el9.src.rpm
  - url: https://cdn.redhat.com/content/eus/rhel9/9.4/s390x/baseos/os/Packages/c/curl-7.76.1-29.el9_4.3.s390x.rpm
    repoid: rhel-9-for-s390x-baseos-eus-rpms
    size: 297065
    checksum: sha256:3785c2a14e7b3dd63d1348647e3dc5a2a83630de1eca2ea4a214726c7f1dbcce
    name: curl
    evr: 7.76.1-29.el9_4.3
    sourcerpm: curl-7.76.1-29.el9_4.3.src.rpm
  - url: https://cdn.redhat.com/content/eus/rhel9/9.4/s390x/baseos/os/Packages/i/iputils-20210202-9.el9_4.5.s390x.rpm
    repoid: rhel-9-for-s390x-baseos-eus-rpms
    size: 177026
    checksum: sha256:8e7249e4819c683f4f9f17b4d278441584a3daed545b6368fdb832a93643db76
    name: iputils
    evr: 20210202-9.el9_4.5
    sourcerpm: iputils-20210202-9.el9_4.5.src.rpm
  - url: https://cdn.redhat.com/content/eus/rhel9/9.4/s390x/baseos/os/Packages/l/libibverbs-48.0-2.el9_4.s390x.rpm
    repoid: rhel-9-for-s390x-baseos-eus-rpms
    size: 392239
    checksum: sha256:52a99a10bd2de3438115ec40673cfe4fad0b0d0c71830ac2899df14fdc254baa
    name: libibverbs
    evr: 48.0-2.el9_4
    sourcerpm: rdma-core-48.0-2.el9_4.src.rpm
  - url: https://cdn.redhat.com/content/eus/rhel9/9.4/s390x/baseos/os/Packages/l/libnl3-3.9.0-1.el9.s390x.rpm
    repoid: rhel-9-for-s390x-baseos-eus-rpms
    size: 353430
    checksum: sha256:090a144acf174dbfe0c1b3379269fab71eab205041158713f0860930aee001e5
    name: libnl3
    evr: 3.9.0-1.el9
    sourcerpm: libnl3-3.9.0-1.el9.src.rpm
  - url: https://cdn.redhat.com/content/eus/rhel9/9.4/s390x/baseos/os/Packages/l/libpcap-1.10.0-4.el9.s390x.rpm
    repoid: rhel-9-for-s390x-baseos-eus-rpms
    size: 172787
    checksum: sha256:8eeed3015f2ea273202e6ae622a208a88758ee07dfa9a237fe7e2447646645a8
    name: libpcap
    evr: 14:1.10.0-4.el9
    sourcerpm: libpcap-1.10.0-4.el9.src.rpm
  - url: https://cdn.redhat.com/content/eus/rhel9/9.4/s390x/baseos/os/Packages/l/lksctp-tools-1.0.19-3.el9_4.s390x.rpm
    repoid: rhel-9-for-s390x-baseos-eus-rpms
    size: 103290
    checksum: sha256:f9e9b208e6fd5e6bab5d6a30b56aeae7dce6d89bbdc218eec250e6df14d3dfe7
    name: lksctp-tools
    evr: 1.0.19-3.el9_4
    sourcerpm: lksctp-tools-1.0.19-3.el9_4.src.rpm
  - url: https://cdn.redhat.com/content/eus/rhel9/9.4/s390x/baseos/os/Packages/l/lmdb-libs-0.9.29-3.el9.s390x.rpm
    repoid: rhel-9-for-s390x-baseos-eus-rpms
    size: 65252
    checksum: sha256:208717c21c3c8aee802a9437642dc4853368d268c4bd45ca8b0b781d409bb33c
    name: lmdb-libs
    evr: 0.9.29-3.el9
    sourcerpm: lmdb-0.9.29-3.el9.src.rpm
  - url: https://cdn.redhat.com/content/eus/rhel9/9.4/s390x/baseos/os/Packages/p/protobuf-c-1.3.3-13.el9.s390x.rpm
    repoid: rhel-9-for-s390x-baseos-eus-rpms
    size: 38450
    checksum: sha256:0ba1d0bcbc80c2dc53fdac3eecf2606aab133ca22ba7cf857d720c78cb120782
    name: protobuf-c
    evr: 1.3.3-13.el9
    sourcerpm: protobuf-c-1.3.3-13.el9.src.rpm
  source: []
  module_metadata: []
- arch: x86_64
  packages:
  - url: https://cdn.redhat.com/content/dist/rhel9/9/x86_64/appstream/os/Packages/b/bind-libs-9.16.23-34.el9_7.1.x86_64.rpm
    repoid: rhel-9-for-x86_64-appstream-rpms
    size: 1301214
    checksum: sha256:a8a735281125cae93c6c6067ba8ea473132f5ebdd81e6e898d1fe91d317c39b1
    name: bind-libs
    evr: 32:9.16.23-34.el9_7.1
    sourcerpm: bind-9.16.23-34.el9_7.1.src.rpm
  - url: https://cdn.redhat.com/content/dist/rhel9/9/x86_64/appstream/os/Packages/b/bind-license-9.16.23-34.el9_7.1.noarch.rpm
    repoid: rhel-9-for-x86_64-appstream-rpms
    size: 12809
    checksum: sha256:546e909d1318b611512c07418ffc94b128cb46320b515ca5bc1010e38f376a27
    name: bind-license
    evr: 32:9.16.23-34.el9_7.1
    sourcerpm: bind-9.16.23-34.el9_7.1.src.rpm
  - url: https://cdn.redhat.com/content/dist/rhel9/9/x86_64/appstream/os/Packages/b/bind-utils-9.16.23-34.el9_7.1.x86_64.rpm
    repoid: rhel-9-for-x86_64-appstream-rpms
    size: 211124
    checksum: sha256:b61003436687afb2eae9e6301e10efc202c072fb45c4b88dfb95022db9fbc541
    name: bind-utils
    evr: 32:9.16.23-34.el9_7.1
    sourcerpm: bind-9.16.23-34.el9_7.1.src.rpm
  - url: https://cdn.redhat.com/content/dist/rhel9/9/x86_64/appstream/os/Packages/f/fstrm-0.6.1-3.el9.x86_64.rpm
    repoid: rhel-9-for-x86_64-appstream-rpms
    size: 30777
    checksum: sha256:7290d5c6c200a2c98be30c3f0d9cf58462d0bc1ddb7940a8c7c35ca4f7e090ce
    name: fstrm
    evr: 0.6.1-3.el9
    sourcerpm: fstrm-0.6.1-3.el9.src.rpm
  - url: https://cdn.redhat.com/content/dist/rhel9/9/x86_64/appstream/os/Packages/i/iperf3-3.9-14.el9.x86_64.rpm
    repoid: rhel-9-for-x86_64-appstream-rpms
    size: 113494
    checksum: sha256:aa178fcd0927549c9cb5f3df052831405ae31387e05a83c4fb10ca3db2c772d0
    name: iperf3
    evr: 3.9-14.el9
    sourcerpm: iperf3-3.9-14.el9.src.rpm
  - url: https://cdn.redhat.com/content/dist/rhel9/9/x86_64/appstream/os/Packages/l/libmaxminddb-1.5.2-4.el9.x86_64.rpm
    repoid: rhel-9-for-x86_64-appstream-rpms
    size: 36179
    checksum: sha256:70a1e33b55a32d85ea4508e9ebeefb3e0ce2f57619ee84c97c63af5dc1456342
    name: libmaxminddb
    evr: 1.5.2-4.el9
    sourcerpm: libmaxminddb-1.5.2-4.el9.src.rpm
  - url: https://cdn.redhat.com/content/dist/rhel9/9/x86_64/appstream/os/Packages/l/libuv-1.42.0-2.el9_4.x86_64.rpm
    repoid: rhel-9-for-x86_64-appstream-rpms
    size: 154427
    checksum: sha256:e1fab39251239ccaad2fb4dbe6c55ec1ae60f76d4ae81582b06e6a58e30879b2
    name: libuv
    evr: 1:1.42.0-2.el9_4
    sourcerpm: libuv-1.42.0-2.el9_4.src.rpm
  - url: https://cdn.redhat.com/content/dist/rhel9/9/x86_64/appstream/os/Packages/n/nmap-ncat-7.92-3.el9.x86_64.rpm
    repoid: rhel-9-for-x86_64-appstream-rpms
    size: 234565
    checksum: sha256:4107c9b2ac6fe1a6be44088f79fcafd012e22c7867dad98741c88590cadeb5a2
    name: nmap-ncat
    evr: 3:7.92-3.el9
    sourcerpm: nmap-7.92-3.el9.src.rpm
  - url: https://cdn.redhat.com/content/dist/rhel9/9/x86_64/appstream/os/Packages/t/tcpdump-4.99.0-9.el9.x86_64.rpm
    repoid: rhel-9-for-x86_64-appstream-rpms
    size: 559754
    checksum: sha256:b558071af95cce3f67455ab1625f36b1172ed240c0391d554b8d54c6b7f965ae
    name: tcpdump
    evr: 14:4.99.0-9.el9
    sourcerpm: tcpdump-4.99.0-9.el9.src.rpm
  - url: https://cdn.redhat.com/content/dist/rhel9/9/x86_64/baseos/os/Packages/c/curl-7.76.1-34.el9.x86_64.rpm
    repoid: rhel-9-for-x86_64-baseos-rpms
    size: 298881
    checksum: sha256:a971ea7851e0b7a2a1a660560a9fdafb7e226dcfe5796c8534b17e9dc74c7aa7
    name: curl
    evr: 7.76.1-34.el9
    sourcerpm: curl-7.76.1-34.el9.src.rpm
  - url: https://cdn.redhat.com/content/dist/rhel9/9/x86_64/baseos/os/Packages/i/iputils-20210202-15.el9_7.x86_64.rpm
    repoid: rhel-9-for-x86_64-baseos-rpms
    size: 177748
    checksum: sha256:f099fdfcdfce422719ca0b7335101ad0a6c2b4c55ac015796d00e675bc02fc11
    name: iputils
    evr: 20210202-15.el9_7
    sourcerpm: iputils-20210202-15.el9_7.src.rpm
  - url: https://cdn.redhat.com/content/dist/rhel9/9/x86_64/baseos/os/Packages/l/libibverbs-57.0-2.el9.x86_64.rpm
    repoid: rhel-9-for-x86_64-baseos-rpms
    size: 463544
    checksum: sha256:d96bbefb46683bd3ddfffd0668898c591f253dfca25e5ac2ddf90f812512e5b7
    name: libibverbs
    evr: 57.0-2.el9
    sourcerpm: rdma-core-57.0-2.el9.src.rpm
  - url: https://cdn.redhat.com/content/dist/rhel9/9/x86_64/baseos/os/Packages/l/libnl3-3.11.0-1.el9.x86_64.rpm
    repoid: rhel-9-for-x86_64-baseos-rpms
    size: 376137
    checksum: sha256:89728a253a5bf1c8e01c40573f1283d40188e003bdbd4ac565f8b0f05bced55c
    name: libnl3
    evr: 3.11.0-1.el9
    sourcerpm: libnl3-3.11.0-1.el9.src.rpm
  - url: https://cdn.redhat.com/content/dist/rhel9/9/x86_64/baseos/os/Packages/l/libpcap-1.10.0-4.el9.x86_64.rpm
    repoid: rhel-9-for-x86_64-baseos-rpms
    size: 180846
    checksum: sha256:3c0c51cc6b947970812238914713f1f96aa5e9bdaaceb6ee50249540ad89f05b
    name: libpcap
    evr: 14:1.10.0-4.el9
    sourcerpm: libpcap-1.10.0-4.el9.src.rpm
  - url: https://cdn.redhat.com/content/dist/rhel9/9/x86_64/baseos/os/Packages/l/lksctp-tools-1.0.19-3.el9_4.x86_64.rpm
    repoid: rhel-9-for-x86_64-baseos-rpms
    size: 106024
    checksum: sha256:ac2fc5dcba641ec68b03db44c0b644ef10661bc89a060be2aa1eaa9c6a4215db
    name: lksctp-tools
    evr: 1.0.19-3.el9_4
    sourcerpm: lksctp-tools-1.0.19-3.el9_4.src.rpm
  - url: https://cdn.redhat.com/content/dist/rhel9/9/x86_64/baseos/os/Packages/l/lmdb-libs-0.9.29-3.el9.x86_64.rpm
    repoid: rhel-9-for-x86_64-baseos-rpms
    size: 64208
    checksum: sha256:9ae27044c8cd2ceef9bc72319c30f7e24442b5c239f6cf4cc92670b75259f2f9
    name: lmdb-libs
    evr: 0.9.29-3.el9
    sourcerpm: lmdb-0.9.29-3.el9.src.rpm
  - url: https://cdn.redhat.com/content/dist/rhel9/9/x86_64/baseos/os/Packages/p/protobuf-c-1.3.3-13.el9.x86_64.rpm
    repoid: rhel-9-for-x86_64-baseos-rpms
    size: 38224
    checksum: sha256:9669f5bed1c9532ede399cd1ea6f8937ae7d18cfb56d59f2939a4b456390035f
    name: protobuf-c
    evr: 1.3.3-13.el9
    sourcerpm: protobuf-c-1.3.3-13.el9.src.rpm
  source: []
  module_metadata: []
